
Microsoft Visual Studio Solution File, Format Version 12.00
# Visual Studio Version 16
VisualStudioVersion = 16.0.31424.327
MinimumVisualStudioVersion = 10.0.40219.1
Project("{8BC9CEB8-8B4A-11D0-8D11-00A0C91BC942}") = "LiveDeskWallpaper", "LiveDeskWallpaper\LiveDeskWallpaper.vcxproj", "{722C269C-F70F-4D21-9DF8-C42637274BB8}"
EndProject
Project("{8BC9CEB8-8B4A-11D0-8D11-00A0C91BC942}") = "LiveDeskWallpaperGUI", "LiveDeskWallpaperGUI\LiveDeskWallpaperGUI.vcxproj", "{788D9AE5-6451-4F01-8DBE-D115AFEEC3E5}"
EndProject
Global
	GlobalSection(SolutionConfigurationPlatforms) = preSolution
		Debug|x64 = Debug|x64
		Debug|x86 = Debug|x86
		Release|x64 = Release|x64
		Release|x86 = Release|x86
	EndGlobalSection
	GlobalSection(ProjectConfigurationPlatforms) = postSolution
		{722C269C-F70F-4D21-9DF8-C42637274BB8}.Debug|x64.ActiveCfg = Debug|x64
		{722C269C-F70F-4D21-9DF8-C42637274BB8}.Debug|x64.Build.0 = Debug|x64
		{722C269C-F70F-4D21-9DF8-C42637274BB8}.Debug|x86.ActiveCfg = Debug|Win32
		{722C269C-F70F-4D21-9DF8-C42637274BB8}.Debug|x86.Build.0 = Debug|Win32
		{722C269C-F70F-4D21-9DF8-C42637274BB8}.Release|x64.ActiveCfg = Release|x64
		{722C269C-F70F-4D21-9DF8-C42637274BB8}.Release|x64.Build.0 = Release|x64
		{722C269C-F70F-4D21-9DF8-C42637274BB8}.Release|x86.ActiveCfg = Release|Win32
		{722C269C-F70F-4D21-9DF8-C42637274BB8}.Release|x86.Build.0 = Release|Win32
		{788D9AE5-6451-4F01-8DBE-D115AFEEC3E5}.Debug|x64.ActiveCfg = Debug|x64
		{788D9AE5-6451-4F01-8DBE-D115AFEEC3E5}.Debug|x64.Build.0 = Debug|x64
		{788D9AE5-6451-4F01-8DBE-D115AFEEC3E5}.Debug|x86.ActiveCfg = Debug|Win32
		{788D9AE5-6451-4F01-8DBE-D115AFEEC3E5}.Debug|x86.Build.0 = Debug|Win32
		{788D9AE5-6451-4F01-8DBE-D115AFEEC3E5}.Release|x64.ActiveCfg = Release|x64
		{788D9AE5-6451-4F01-8DBE-D115AFEEC3E5}.Release|x64.Build.0 = Release|x64
		{788D9AE5-6451-4F01-8DBE-D115AFEEC3E5}.Release|x86.ActiveCfg = Release|Win32
		{788D9AE5-6451-4F01-8DBE-D115AFEEC3E5}.Release|x86.Build.0 = Release|Win32
	EndGlobalSection
	GlobalSection(SolutionProperties) = preSolution
		HideSolutionNode = FALSE
	EndGlobalSection
	GlobalSection(ExtensibilityGlobals) = postSolution
		SolutionGuid = {2C84C899-A0AD-435A-B21B-D417185A6517}
	EndGlobalSection
EndGlobal
